
Microsoft Visual Studio Solution File, Format Version 12.00
# Visual Studio Version 17
VisualStudioVersion = 17.5.33414.496
MinimumVisualStudioVersion = 10.0.40219.1
Project("{FAE04EC0-301F-11D3-BF4B-00C04F79EFBC}") = "ReadWriteFile", "ReadWriteFile.csproj", "{2604E028-0ECA-4689-B9FC-74BB9B49BA2B}"
EndProject
Global
	GlobalSection(SolutionConfigurationPlatforms) = preSolution
		Debug|Any CPU = Debug|Any CPU
		Release|Any CPU = Release|Any CPU
	EndGlobalSection
	GlobalSection(ProjectConfigurationPlatforms) = postSolution
		{2604E028-0ECA-4689-B9FC-74BB9B49BA2B}.Debug|Any CPU.ActiveCfg = Debug|Any CPU
		{2604E028-0ECA-4689-B9FC-74BB9B49BA2B}.Debug|Any CPU.Build.0 = Debug|Any CPU
		{2604E028-0ECA-4689-B9FC-74BB9B49BA2B}.Release|Any CPU.ActiveCfg = Release|Any CPU
		{2604E028-0ECA-4689-B9FC-74BB9B49BA2B}.Release|Any CPU.Build.0 = Release|Any CPU
	EndGlobalSection
	GlobalSection(SolutionProperties) = preSolution
		HideSolutionNode = FALSE
	EndGlobalSection
	GlobalSection(ExtensibilityGlobals) = postSolution
		SolutionGuid = {B22F7C0F-BA80-4218-9C24-A932D1655943}
	EndGlobalSection
EndGlobal
